
Microsoft Visual Studio Solution File, Format Version 12.00
# Visual Studio Version 17
VisualStudioVersion = 17.3.32804.467
MinimumVisualStudioVersion = 10.0.40219.1
Project("{FAE04EC0-301F-11D3-BF4B-00C04F79EFBC}") = "BulkyBookWeb", "BulkyBookWeb\BulkyBookWeb.csproj", "{87789D72-EA1E-423C-817E-72BE2B1B72A2}"
EndProject
Project("{FAE04EC0-301F-11D3-BF4B-00C04F79EFBC}") = "BulkyBook.DataAccess", "BulkyBook.DataAccess\BulkyBook.DataAccess.csproj", "{72911E11-1257-4151-8F6C-E825E0AD26F1}"
EndProject
Project("{FAE04EC0-301F-11D3-BF4B-00C04F79EFBC}") = "BulkyBook.Models", "BulkyBook.Models\BulkyBook.Models.csproj", "{DF177359-4164-4597-BFE5-E3B1B595ABFA}"
EndProject
Project("{FAE04EC0-301F-11D3-BF4B-00C04F79EFBC}") = "BulkyBook.Utility", "BulkyBook.Utility\BulkyBook.Utility.csproj", "{7C55162D-F6C2-4D93-9D09-7E9B66F7BFCD}"
EndProject
Global
	GlobalSection(SolutionConfigurationPlatforms) = preSolution
		Debug|Any CPU = Debug|Any CPU
		Release|Any CPU = Release|Any CPU
	EndGlobalSection
	GlobalSection(ProjectConfigurationPlatforms) = postSolution
		{87789D72-EA1E-423C-817E-72BE2B1B72A2}.Debug|Any CPU.ActiveCfg = Debug|Any CPU
		{87789D72-EA1E-423C-817E-72BE2B1B72A2}.Debug|Any CPU.Build.0 = Debug|Any CPU
		{87789D72-EA1E-423C-817E-72BE2B1B72A2}.Release|Any CPU.ActiveCfg = Release|Any CPU
		{87789D72-EA1E-423C-817E-72BE2B1B72A2}.Release|Any CPU.Build.0 = Release|Any CPU
		{72911E11-1257-4151-8F6C-E825E0AD26F1}.Debug|Any CPU.ActiveCfg = Debug|Any CPU
		{72911E11-1257-4151-8F6C-E825E0AD26F1}.Debug|Any CPU.Build.0 = Debug|Any CPU
		{72911E11-1257-4151-8F6C-E825E0AD26F1}.Release|Any CPU.ActiveCfg = Release|Any CPU
		{72911E11-1257-4151-8F6C-E825E0AD26F1}.Release|Any CPU.Build.0 = Release|Any CPU
		{DF177359-4164-4597-BFE5-E3B1B595ABFA}.Debug|Any CPU.ActiveCfg = Debug|Any CPU
		{DF177359-4164-4597-BFE5-E3B1B595ABFA}.Debug|Any CPU.Build.0 = Debug|Any CPU
		{DF177359-4164-4597-BFE5-E3B1B595ABFA}.Release|Any CPU.ActiveCfg = Release|Any CPU
		{DF177359-4164-4597-BFE5-E3B1B595ABFA}.Release|Any CPU.Build.0 = Release|Any CPU
		{7C55162D-F6C2-4D93-9D09-7E9B66F7BFCD}.Debug|Any CPU.ActiveCfg = Debug|Any CPU
		{7C55162D-F6C2-4D93-9D09-7E9B66F7BFCD}.Debug|Any CPU.Build.0 = Debug|Any CPU
		{7C55162D-F6C2-4D93-9D09-7E9B66F7BFCD}.Release|Any CPU.ActiveCfg = Release|Any CPU
		{7C55162D-F6C2-4D93-9D09-7E9B66F7BFCD}.Release|Any CPU.Build.0 = Release|Any CPU
	EndGlobalSection
	GlobalSection(SolutionProperties) = preSolution
		HideSolutionNode = FALSE
	EndGlobalSection
	GlobalSection(ExtensibilityGlobals) = postSolution
		SolutionGuid = {99991BAB-8BB7-4C7B-84E4-49CAE5E687D0}
	EndGlobalSection
EndGlobal
